// !$*UTF8*$!
{
	archiveVersion = 1;
	classes = {
	};
	objectVersion = 46;
	objects = {

/* Begin PBXBuildFile section */
		BA98EB50181F6A300036FDDF /* Foundation.framework in Frameworks */ = {isa = PBXBuildFile; fileRef = BA98EB4F181F6A300036FDDF /* Foundation.framework */; };
		BA98EB52181F6A300036FDDF /* CoreGraphics.framework in Frameworks */ = {isa = PBXBuildFile; fileRef = BA98EB51181F6A300036FDDF /* CoreGraphics.framework */; };
		BA98EB54181F6A300036FDDF /* UIKit.framework in Frameworks */ = {isa = PBXBuildFile; fileRef = BA98EB53181F6A300036FDDF /* UIKit.framework */; };
		BA98EB5A181F6A300036FDDF /* InfoPlist.strings in Resources */ = {isa = PBXBuildFile; fileRef = BA98EB58181F6A300036FDDF /* InfoPlist.strings */; };
		BA98EB5C181F6A300036FDDF /* main.m in Sources */ = {isa = PBXBuildFile; fileRef = BA98EB5B181F6A300036FDDF /* main.m */; };
		BA98EB60181F6A300036FDDF /* CCAppDelegate.m in Sources */ = {isa = PBXBuildFile; fileRef = BA98EB5F181F6A300036FDDF /* CCAppDelegate.m */; };
		BA98EB63181F6A300036FDDF /* Main.storyboard in Resources */ = {isa = PBXBuildFile; fileRef = BA98EB61181F6A300036FDDF /* Main.storyboard */; };
		BA98EB66181F6A300036FDDF /* CCViewController.m in Sources */ = {isa = PBXBuildFile; fileRef = BA98EB65181F6A300036FDDF /* CCViewController.m */; };
		BA98EB68181F6A300036FDDF /* Images.xcassets in Resources */ = {isa = PBXBuildFile; fileRef = BA98EB67181F6A300036FDDF /* Images.xcassets */; };
		BA98EB6F181F6A300036FDDF /* XCTest.framework in Frameworks */ = {isa = PBXBuildFile; fileRef = BA98EB6E181F6A300036FDDF /* XCTest.framework */; };
		BA98EB70181F6A300036FDDF /* Foundation.framework in Frameworks */ = {isa = PBXBuildFile; fileRef = BA98EB4F181F6A300036FDDF /* Foundation.framework */; };
		BA98EB71181F6A300036FDDF /* UIKit.framework in Frameworks */ = {isa = PBXBuildFile; fileRef = BA98EB53181F6A300036FDDF /* UIKit.framework */; };
		BA98EB79181F6A300036FDDF /* InfoPlist.strings in Resources */ = {isa = PBXBuildFile; fileRef = BA98EB77181F6A300036FDDF /* InfoPlist.strings */; };
		BA98EB7B181F6A300036FDDF /* UITableViewController_Challenge_SolutionTests.m in Sources */ = {isa = PBXBuildFile; fileRef = BA98EB7A181F6A300036FDDF /* UITableViewController_Challenge_SolutionTests.m */; };
/* End PBXBuildFile section */

/* Begin PBXContainerItemProxy section */
		BA98EB72181F6A300036FDDF /* PBXContainerItemProxy */ = {
			isa = PBXContainerItemProxy;
			containerPortal = BA98EB44181F6A300036FDDF /* Project object */;
			proxyType = 1;
			remoteGlobalIDString = BA98EB4B181F6A300036FDDF;
			remoteInfo = "UITableViewController Challenge Solution";
		};
/* End PBXContainerItemProxy section */

/* Begin PBXFileReference section */
		BA98EB4C181F6A300036FDDF /* UITableViewController Challenge Solution.app */ = {isa = PBXFileReference; explicitFileType = wrapper.application; includeInIndex = 0; path = "UITableViewController Challenge Solution.app"; sourceTree = BUILT_PRODUCTS_DIR; };
		BA98EB4F181F6A300036FDDF /* Foundation.framework */ = {isa = PBXFileReference; lastKnownFileType = wrapper.framework; name = Foundation.framework; path = System/Library/Frameworks/Foundation.framework; sourceTree = SDKROOT; };
		BA98EB51181F6A300036FDDF /* CoreGraphics.framework */ = {isa = PBXFileReference; lastKnownFileType = wrapper.framework; name = CoreGraphics.framework; path = System/Library/Frameworks/CoreGraphics.framework; sourceTree = SDKROOT; };
		BA98EB53181F6A300036FDDF /* UIKit.framework */ = {isa = PBXFileReference; lastKnownFileType = wrapper.framework; name = UIKit.framework; path = System/Library/Frameworks/UIKit.framework; sourceTree = SDKROOT; };
		BA98EB57181F6A300036FDDF /* UITableViewController Challenge Solution-Info.plist */ = {isa = PBXFileReference; lastKnownFileType = text.plist.xml; path = "UITableViewController Challenge Solution-Info.plist"; sourceTree = "<group>"; };
		BA98EB59181F6A300036FDDF /* en */ = {isa = PBXFileReference; lastKnownFileType = text.plist.strings; name = en; path = en.lproj/InfoPlist.strings; sourceTree = "<group>"; };
		BA98EB5B181F6A300036FDDF /* main.m */ = {isa = PBXFileReference; lastKnownFileType = sourcecode.c.objc; path = main.m; sourceTree = "<group>"; };
		BA98EB5D181F6A300036FDDF /* UITableViewController Challenge Solution-Prefix.pch */ = {isa = PBXFileReference; lastKnownFileType = sourcecode.c.h; path = "UITableViewController Challenge Solution-Prefix.pch"; sourceTree = "<group>"; };
		BA98EB5E181F6A300036FDDF /* CCAppDelegate.h */ = {isa = PBXFileReference; lastKnownFileType = sourcecode.c.h; path = CCAppDelegate.h; sourceTree = "<group>"; };
		BA98EB5F181F6A300036FDDF /* CCAppDelegate.m */ = {isa = PBXFileReference; lastKnownFileType = sourcecode.c.objc; path = CCAppDelegate.m; sourceTree = "<group>"; };
		BA98EB62181F6A300036FDDF /* Base */ = {isa = PBXFileReference; lastKnownFileType = file.storyboard; name = Base; path = Base.lproj/Main.storyboard; sourceTree = "<group>"; };
		BA98EB64181F6A300036FDDF /* CCViewController.h */ = {isa = PBXFileReference; lastKnownFileType = sourcecode.c.h; path = CCViewController.h; sourceTree = "<group>"; };
		BA98EB65181F6A300036FDDF /* CCViewController.m */ = {isa = PBXFileReference; lastKnownFileType = sourcecode.c.objc; path = CCViewController.m; sourceTree = "<group>"; };
		BA98EB67181F6A300036FDDF /* Images.xcassets */ = {isa = PBXFileReference; lastKnownFileType = folder.assetcatalog; path = Images.xcassets; sourceTree = "<group>"; };
		BA98EB6D181F6A300036FDDF /* UITableViewController Challenge SolutionTests.xctest */ = {isa = PBXFileReference; explicitFileType = wrapper.cfbundle; includeInIndex = 0; path = "UITableViewController Challenge SolutionTests.xctest"; sourceTree = BUILT_PRODUCTS_DIR; };
		BA98EB6E181F6A300036FDDF /* XCTest.framework */ = {isa = PBXFileReference; lastKnownFileType = wrapper.framework; name = XCTest.framework; path = Library/Frameworks/XCTest.framework; sourceTree = DEVELOPER_DIR; };
		BA98EB76181F6A300036FDDF /* UITableViewController Challenge SolutionTests-Info.plist */ = {isa = PBXFileReference; lastKnownFileType = text.plist.xml; path = "UITableViewController Challenge SolutionTests-Info.plist"; sourceTree = "<group>"; };
		BA98EB78181F6A300036FDDF /* en */ = {isa = PBXFileReference; lastKnownFileType = text.plist.strings; name = en; path = en.lproj/InfoPlist.strings; sourceTree = "<group>"; };
		BA98EB7A181F6A300036FDDF /* UITableViewController_Challenge_SolutionTests.m */ = {isa = PBXFileReference; lastKnownFileType = sourcecode.c.objc; path = UITableViewController_Challenge_SolutionTests.m; sourceTree = "<group>"; };
/* End PBXFileReference section */

/* Begin PBXFrameworksBuildPhase section */
		BA98EB49181F6A300036FDDF /* Frameworks */ = {
			isa = PBXFrameworksBuildPhase;
			buildActionMask = 2147483647;
			files = (
				BA98EB52181F6A300036FDDF /* CoreGraphics.framework in Frameworks */,
				BA98EB54181F6A300036FDDF /* UIKit.framework in Frameworks */,
				BA98EB50181F6A300036FDDF /* Foundation.framework in Frameworks */,
			);
			runOnlyForDeploymentPostprocessing = 0;
		};
		BA98EB6A181F6A300036FDDF /* Frameworks */ = {
			isa = PBXFrameworksBuildPhase;
			buildActionMask = 2147483647;
			files = (
				BA98EB6F181F6A300036FDDF /* XCTest.framework in Frameworks */,
				BA98EB71181F6A300036FDDF /* UIKit.framework in Frameworks */,
				BA98EB70181F6A300036FDDF /* Foundation.framework in Frameworks */,
			);
			runOnlyForDeploymentPostprocessing = 0;
		};
/* End PBXFrameworksBuildPhase section */

/* Begin PBXGroup section */
		BA98EB43181F6A300036FDDF = {
			isa = PBXGroup;
			children = (
				BA98EB55181F6A300036FDDF /* UITableViewController Challenge Solution */,
				BA98EB74181F6A300036FDDF /* UITableViewController Challenge SolutionTests */,
				BA98EB4E181F6A300036FDDF /* Frameworks */,
				BA98EB4D181F6A300036FDDF /* Products */,
			);
			sourceTree = "<group>";
		};
		BA98EB4D181F6A300036FDDF /* Products */ = {
			isa = PBXGroup;
			children = (
				BA98EB4C181F6A300036FDDF /* UITableViewController Challenge Solution.app */,
				BA98EB6D181F6A300036FDDF /* UITableViewController Challenge SolutionTests.xctest */,
			);
			name = Products;
			sourceTree = "<group>";
		};
		BA98EB4E181F6A300036FDDF /* Frameworks */ = {
			isa = PBXGroup;
			children = (
				BA98EB4F181F6A300036FDDF /* Foundation.framework */,
				BA98EB51181F6A300036FDDF /* CoreGraphics.framework */,
				BA98EB53181F6A300036FDDF /* UIKit.framework */,
				BA98EB6E181F6A300036FDDF /* XCTest.framework */,
			);
			name = Frameworks;
			sourceTree = "<group>";
		};
		BA98EB55181F6A300036FDDF /* UITableViewController Challenge Solution */ = {
			isa = PBXGroup;
			children = (
				BA98EB5E181F6A300036FDDF /* CCAppDelegate.h */,
				BA98EB5F181F6A300036FDDF /* CCAppDelegate.m */,
				BA98EB61181F6A300036FDDF /* Main.storyboard */,
				BA98EB64181F6A300036FDDF /* CCViewController.h */,
				BA98EB65181F6A300036FDDF /* CCViewController.m */,
				BA98EB67181F6A300036FDDF /* Images.xcassets */,
				BA98EB56181F6A300036FDDF /* Supporting Files */,
			);
			path = "UITableViewController Challenge Solution";
			sourceTree = "<group>";
		};
		BA98EB56181F6A300036FDDF /* Supporting Files */ = {
			isa = PBXGroup;
			children = (
				BA98EB57181F6A300036FDDF /* UITableViewController Challenge Solution-Info.plist */,
				BA98EB58181F6A300036FDDF /* InfoPlist.strings */,
				BA98EB5B181F6A300036FDDF /* main.m */,
				BA98EB5D181F6A300036FDDF /* UITableViewController Challenge Solution-Prefix.pch */,
			);
			name = "Supporting Files";
			sourceTree = "<group>";
		};
		BA98EB74181F6A300036FDDF /* UITableViewController Challenge SolutionTests */ = {
			isa = PBXGroup;
			children = (
				BA98EB7A181F6A300036FDDF /* UITableViewController_Challenge_SolutionTests.m */,
				BA98EB75181F6A300036FDDF /* Supporting Files */,
			);
			path = "UITableViewController Challenge SolutionTests";
			sourceTree = "<group>";
		};
		BA98EB75181F6A300036FDDF /* Supporting Files */ = {
			isa = PBXGroup;
			children = (
				BA98EB76181F6A300036FDDF /* UITableViewController Challenge SolutionTests-Info.plist */,
				BA98EB77181F6A300036FDDF /* InfoPlist.strings */,
			);
			name = "Supporting Files";
			sourceTree = "<group>";
		};
/* End PBXGroup section */

/* Begin PBXNativeTarget section */
		BA98EB4B181F6A300036FDDF /* UITableViewController Challenge Solution */ = {
			isa = PBXNativeTarget;
			buildConfigurationList = BA98EB7E181F6A300036FDDF /* Build configuration list for PBXNativeTarget "UITableViewController Challenge Solution" */;
			buildPhases = (
				BA98EB48181F6A300036FDDF /* Sources */,
				BA98EB49181F6A300036FDDF /* Frameworks */,
				BA98EB4A181F6A300036FDDF /* Resources */,
			);
			buildRules = (
			);
			dependencies = (
			);
			name = "UITableViewController Challenge Solution";
			productName = "UITableViewController Challenge Solution";
			productReference = BA98EB4C181F6A300036FDDF /* UITableViewController Challenge Solution.app */;
			productType = "com.apple.product-type.application";
		};
		BA98EB6C181F6A300036FDDF /* UITableViewController Challenge SolutionTests */ = {
			isa = PBXNativeTarget;
			buildConfigurationList = BA98EB81181F6A300036FDDF /* Build configuration list for PBXNativeTarget "UITableViewController Challenge SolutionTests" */;
			buildPhases = (
				BA98EB69181F6A300036FDDF /* Sources */,
				BA98EB6A181F6A300036FDDF /* Frameworks */,
				BA98EB6B181F6A300036FDDF /* Resources */,
			);
			buildRules = (
			);
			dependencies = (
				BA98EB73181F6A300036FDDF /* PBXTargetDependency */,
			);
			name = "UITableViewController Challenge SolutionTests";
			productName = "UITableViewController Challenge SolutionTests";
			productReference = BA98EB6D181F6A300036FDDF /* UITableViewController Challenge SolutionTests.xctest */;
			productType = "com.apple.product-type.bundle.unit-test";
		};
/* End PBXNativeTarget section */

/* Begin PBXProject section */
		BA98EB44181F6A300036FDDF /* Project object */ = {
			isa = PBXProject;
			attributes = {
				CLASSPREFIX = CC;
				LastUpgradeCheck = 0500;
				ORGANIZATIONNAME = KH;
				TargetAttributes = {
					BA98EB6C181F6A300036FDDF = {
						TestTargetID = BA98EB4B181F6A300036FDDF;
					};
				};
			};
			buildConfigurationList = BA98EB47181F6A300036FDDF /* Build configuration list for PBXProject "UITableViewController Challenge Solution" */;
			compatibilityVersion = "Xcode 3.2";
			developmentRegion = English;
			hasScannedForEncodings = 0;
			knownRegions = (
				en,
				Base,
			);
			mainGroup = BA98EB43181F6A300036FDDF;
			productRefGroup = BA98EB4D181F6A300036FDDF /* Products */;
			projectDirPath = "";
			projectRoot = "";
			targets = (
				BA98EB4B181F6A300036FDDF /* UITableViewController Challenge Solution */,
				BA98EB6C181F6A300036FDDF /* UITableViewController Challenge SolutionTests */,
			);
		};
/* End PBXProject section */

/* Begin PBXResourcesBuildPhase section */
		BA98EB4A181F6A300036FDDF /* Resources */ = {
			isa = PBXResourcesBuildPhase;
			buildActionMask = 2147483647;
			files = (
				BA98EB68181F6A300036FDDF /* Images.xcassets in Resources */,
				BA98EB5A181F6A300036FDDF /* InfoPlist.strings in Resources */,
				BA98EB63181F6A300036FDDF /* Main.storyboard in Resources */,
			);
			runOnlyForDeploymentPostprocessing = 0;
		};
		BA98EB6B181F6A300036FDDF /* Resources */ = {
			isa = PBXResourcesBuildPhase;
			buildActionMask = 2147483647;
			files = (
				BA98EB79181F6A300036FDDF /* InfoPlist.strings in Resources */,
			);
			runOnlyForDeploymentPostprocessing = 0;
		};
/* End PBXResourcesBuildPhase section */

/* Begin PBXSourcesBuildPhase section */
		BA98EB48181F6A300036FDDF /* Sources */ = {
			isa = PBXSourcesBuildPhase;
			buildActionMask = 2147483647;
			files = (
				BA98EB60181F6A300036FDDF /* CCAppDelegate.m in Sources */,
				BA98EB5C181F6A300036FDDF /* main.m in Sources */,
				BA98EB66181F6A300036FDDF /* CCViewController.m in Sources */,
			);
			runOnlyForDeploymentPostprocessing = 0;
		};
		BA98EB69181F6A300036FDDF /* Sources */ = {
			isa = PBXSourcesBuildPhase;
			buildActionMask = 2147483647;
			files = (
				BA98EB7B181F6A300036FDDF /* UITableViewController_Challenge_SolutionTests.m in Sources */,
			);
			runOnlyForDeploymentPostprocessing = 0;
		};
/* End PBXSourcesBuildPhase section */

/* Begin PBXTargetDependency section */
		BA98EB73181F6A300036FDDF /* PBXTargetDependency */ = {
			isa = PBXTargetDependency;
			target = BA98EB4B181F6A300036FDDF /* UITableViewController Challenge Solution */;
			targetProxy = BA98EB72181F6A300036FDDF /* PBXContainerItemProxy */;
		};
/* End PBXTargetDependency section */

/* Begin PBXVariantGroup section */
		BA98EB58181F6A300036FDDF /* InfoPlist.strings */ = {
			isa = PBXVariantGroup;
			children = (
				BA98EB59181F6A300036FDDF /* en */,
			);
			name = InfoPlist.strings;
			sourceTree = "<group>";
		};
		BA98EB61181F6A300036FDDF /* Main.storyboard */ = {
			isa = PBXVariantGroup;
			children = (
				BA98EB62181F6A300036FDDF /* Base */,
			);
			name = Main.storyboard;
			sourceTree = "<group>";
		};
		BA98EB77181F6A300036FDDF /* InfoPlist.strings */ = {
			isa = PBXVariantGroup;
			children = (
				BA98EB78181F6A300036FDDF /* en */,
			);
			name = InfoPlist.strings;
			sourceTree = "<group>";
		};
/* End PBXVariantGroup section */

/* Begin XCBuildConfiguration section */
		BA98EB7C181F6A300036FDDF /* Debug */ = {
			isa = XCBuildConfiguration;
			buildSettings = {
				ALWAYS_SEARCH_USER_PATHS = NO;
				ARCHS = "$(ARCHS_STANDARD_INCLUDING_64_BIT)";
				CLANG_CXX_LANGUAGE_STANDARD = "gnu++0x";
				CLANG_CXX_LIBRARY = "libc++";
				CLANG_ENABLE_MODULES = YES;
				CLANG_ENABLE_OBJC_ARC = YES;
				CLANG_WARN_BOOL_CONVERSION = YES;
				CLANG_WARN_CONSTANT_CONVERSION = YES;
				CLANG_WARN_DIRECT_OBJC_ISA_USAGE = YES_ERROR;
				CLANG_WARN_EMPTY_BODY = YES;
				CLANG_WARN_ENUM_CONVERSION = YES;
				CLANG_WARN_INT_CONVERSION = YES;
				CLANG_WARN_OBJC_ROOT_CLASS = YES_ERROR;
				CLANG_WARN__DUPLICATE_METHOD_MATCH = YES;
				"CODE_SIGN_IDENTITY[sdk=iphoneos*]" = "iPhone Developer";
				COPY_PHASE_STRIP = NO;
				GCC_C_LANGUAGE_STANDARD = gnu99;
				GCC_DYNAMIC_NO_PIC = NO;
				GCC_OPTIMIZATION_LEVEL = 0;
				GCC_PREPROCESSOR_DEFINITIONS = (
					"DEBUG=1",
					"$(inherited)",
				);
				GCC_SYMBOLS_PRIVATE_EXTERN = NO;
				GCC_WARN_64_TO_32_BIT_CONVERSION = YES;
				GCC_WARN_ABOUT_RETURN_TYPE = YES_ERROR;
				GCC_WARN_UNDECLARED_SELECTOR = YES;
				GCC_WARN_UNINITIALIZED_AUTOS = YES;
				GCC_WARN_UNUSED_FUNCTION = YES;
				GCC_WARN_UNUSED_VARIABLE = YES;
				IPHONEOS_DEPLOYMENT_TARGET = 7.0;
				ONLY_ACTIVE_ARCH = YES;
				SDKROOT = iphoneos;
			};
			name = Debug;
		};
		BA98EB7D181F6A300036FDDF /* Release */ = {
			isa = XCBuildConfiguration;
			buildSettings = {
				ALWAYS_SEARCH_USER_PATHS = NO;
				ARCHS = "$(ARCHS_STANDARD_INCLUDING_64_BIT)";
				CLANG_CXX_LANGUAGE_STANDARD = "gnu++0x";
				CLANG_CXX_LIBRARY = "libc++";
				CLANG_ENABLE_MODULES = YES;
				CLANG_ENABLE_OBJC_ARC = YES;
				CLANG_WARN_BOOL_CONVERSION = YES;
				CLANG_WARN_CONSTANT_CONVERSION = YES;
				CLANG_WARN_DIRECT_OBJC_ISA_USAGE = YES_ERROR;
				CLANG_WARN_EMPTY_BODY = YES;
				CLANG_WARN_ENUM_CONVERSION = YES;
				CLANG_WARN_INT_CONVERSION = YES;
				CLANG_WARN_OBJC_ROOT_CLASS = YES_ERROR;
				CLANG_WARN__DUPLICATE_METHOD_MATCH = YES;
				"CODE_SIGN_IDENTITY[sdk=iphoneos*]" = "iPhone Developer";
				COPY_PHASE_STRIP = YES;
				ENABLE_NS_ASSERTIONS = NO;
				GCC_C_LANGUAGE_STANDARD = gnu99;
				GCC_WARN_64_TO_32_BIT_CONVERSION = YES;
				GCC_WARN_ABOUT_RETURN_TYPE = YES_ERROR;
				GCC_WARN_UNDECLARED_SELECTOR = YES;
				GCC_WARN_UNINITIALIZED_AUTOS = YES;
				GCC_WARN_UNUSED_FUNCTION = YES;
				GCC_WARN_UNUSED_VARIABLE = YES;
				IPHONEOS_DEPLOYMENT_TARGET = 7.0;
				SDKROOT = iphoneos;
				VALIDATE_PRODUCT = YES;
			};
			name = Release;
		};
		BA98EB7F181F6A300036FDDF /* Debug */ = {
			isa = XCBuildConfiguration;
			buildSettings = {
				ASSETCATALOG_COMPILER_APPICON_NAME = AppIcon;
				ASSETCATALOG_COMPILER_LAUNCHIMAGE_NAME = LaunchImage;
				GCC_PRECOMPILE_PREFIX_HEADER = YES;
				GCC_PREFIX_HEADER = "UITableViewController Challenge Solution/UITableViewController Challenge Solution-Prefix.pch";
				INFOPLIST_FILE = "UITableViewController Challenge Solution/UITableViewController Challenge Solution-Info.plist";
				PRODUCT_NAME = "$(TARGET_NAME)";
				WRAPPER_EXTENSION = app;
			};
			name = Debug;
		};
		BA98EB80181F6A300036FDDF /* Release */ = {
			isa = XCBuildConfiguration;
			buildSettings = {
				ASSETCATALOG_COMPILER_APPICON_NAME = AppIcon;
				ASSETCATALOG_COMPILER_LAUNCHIMAGE_NAME = LaunchImage;
				GCC_PRECOMPILE_PREFIX_HEADER = YES;
				GCC_PREFIX_HEADER = "UITableViewController Challenge Solution/UITableViewController Challenge Solution-Prefix.pch";
				INFOPLIST_FILE = "UITableViewController Challenge Solution/UITableViewController Challenge Solution-Info.plist";
				PRODUCT_NAME = "$(TARGET_NAME)";
				WRAPPER_EXTENSION = app;
			};
			name = Release;
		};
		BA98EB82181F6A300036FDDF /* Debug */ = {
			isa = XCBuildConfiguration;
			buildSettings = {
				ARCHS = "$(ARCHS_STANDARD_INCLUDING_64_BIT)";
				BUNDLE_LOADER = "$(BUILT_PRODUCTS_DIR)/UITableViewController Challenge Solution.app/UITableViewController Challenge Solution";
				FRAMEWORK_SEARCH_PATHS = (
					"$(SDKROOT)/Developer/Library/Frameworks",
					"$(inherited)",
					"$(DEVELOPER_FRAMEWORKS_DIR)",
				);
				GCC_PRECOMPILE_PREFIX_HEADER = YES;
				GCC_PREFIX_HEADER = "UITableViewController Challenge Solution/UITableViewController Challenge Solution-Prefix.pch";
				GCC_PREPROCESSOR_DEFINITIONS = (
					"DEBUG=1",
					"$(inherited)",
				);
				INFOPLIST_FILE = "UITableViewController Challenge SolutionTests/UITableViewController Challenge SolutionTests-Info.plist";
				PRODUCT_NAME = "$(TARGET_NAME)";
				TEST_HOST = "$(BUNDLE_LOADER)";
				WRAPPER_EXTENSION = xctest;
			};
			name = Debug;
		};
		BA98EB83181F6A300036FDDF /* Release */ = {
			isa = XCBuildConfiguration;
			buildSettings = {
				ARCHS = "$(ARCHS_STANDARD_INCLUDING_64_BIT)";
				BUNDLE_LOADER = "$(BUILT_PRODUCTS_DIR)/UITableViewController Challenge Solution.app/UITableViewController Challenge Solution";
				FRAMEWORK_SEARCH_PATHS = (
					"$(SDKROOT)/Developer/Library/Frameworks",
					"$(inherited)",
					"$(DEVELOPER_FRAMEWORKS_DIR)",
				);
				GCC_PRECOMPILE_PREFIX_HEADER = YES;
				GCC_PREFIX_HEADER = "UITableViewController Challenge Solution/UITableViewController Challenge Solution-Prefix.pch";
				INFOPLIST_FILE = "UITableViewController Challenge SolutionTests/UITableViewController Challenge SolutionTests-Info.plist";
				PRODUCT_NAME = "$(TARGET_NAME)";
				TEST_HOST = "$(BUNDLE_LOADER)";
				WRAPPER_EXTENSION = xctest;
			};
			name = Release;
		};
/* End XCBuildConfiguration section */

/* Begin XCConfigurationList section */
		BA98EB47181F6A300036FDDF /* Build configuration list for PBXProject "UITableViewController Challenge Solution" */ = {
			isa = XCConfigurationList;
			buildConfigurations = (
				BA98EB7C181F6A300036FDDF /* Debug */,
				BA98EB7D181F6A300036FDDF /* Release */,
			);
			defaultConfigurationIsVisible = 0;
			defaultConfigurationName = Release;
		};
		BA98EB7E181F6A300036FDDF /* Build configuration list for PBXNativeTarget "UITableViewController Challenge Solution" */ = {
			isa = XCConfigurationList;
			buildConfigurations = (
				BA98EB7F181F6A300036FDDF /* Debug */,
				BA98EB80181F6A300036FDDF /* Release */,
			);
			defaultConfigurationIsVisible = 0;
		};
		BA98EB81181F6A300036FDDF /* Build configuration list for PBXNativeTarget "UITableViewController Challenge SolutionTests" */ = {
			isa = XCConfigurationList;
			buildConfigurations = (
				BA98EB82181F6A300036FDDF /* Debug */,
				BA98EB83181F6A300036FDDF /* Release */,
			);
			defaultConfigurationIsVisible = 0;
		};
/* End XCConfigurationList section */
	};
	rootObject = BA98EB44181F6A300036FDDF /* Project object */;
}
